
Microsoft Visual Studio Solution File, Format Version 12.00
# Visual Studio Version 17
VisualStudioVersion = 17.13.35806.99 d17.13
MinimumVisualStudioVersion = 10.0.40219.1
Project("{FAE04EC0-301F-11D3-BF4B-00C04F79EFBC}") = "meta", "meta\meta.csproj", "{713E25AC-81CC-4DC0-8A22-6DAC8DC76F5E}"
EndProject
Global
	GlobalSection(SolutionConfigurationPlatforms) = preSolution
		Debug|Any CPU = Debug|Any CPU
		Release|Any CPU = Release|Any CPU
	EndGlobalSection
	GlobalSection(ProjectConfigurationPlatforms) = postSolution
		{713E25AC-81CC-4DC0-8A22-6DAC8DC76F5E}.Debug|Any CPU.ActiveCfg = Debug|Any CPU
		{713E25AC-81CC-4DC0-8A22-6DAC8DC76F5E}.Debug|Any CPU.Build.0 = Debug|Any CPU
		{713E25AC-81CC-4DC0-8A22-6DAC8DC76F5E}.Release|Any CPU.ActiveCfg = Release|Any CPU
		{713E25AC-81CC-4DC0-8A22-6DAC8DC76F5E}.Release|Any CPU.Build.0 = Release|Any CPU
	EndGlobalSection
	GlobalSection(SolutionProperties) = preSolution
		HideSolutionNode = FALSE
	EndGlobalSection
	GlobalSection(ExtensibilityGlobals) = postSolution
		SolutionGuid = {E2410C8F-CD6A-4404-A713-1424571A657C}
	EndGlobalSection
EndGlobal
